
Microsoft Visual Studio Solution File, Format Version 12.00
# Visual Studio Version 17
VisualStudioVersion = 17.1.32414.318
MinimumVisualStudioVersion = 10.0.40219.1
Project("{FAE04EC0-301F-11D3-BF4B-00C04F79EFBC}") = "imageprocess", "imageprocess\imageprocess.csproj", "{43847115-731F-429E-9033-5D504BAD1A67}"
EndProject
Global
	GlobalSection(SolutionConfigurationPlatforms) = preSolution
		Debug|Any CPU = Debug|Any CPU
		Release|Any CPU = Release|Any CPU
	EndGlobalSection
	GlobalSection(ProjectConfigurationPlatforms) = postSolution
		{43847115-731F-429E-9033-5D504BAD1A67}.Debug|Any CPU.ActiveCfg = Debug|Any CPU
		{43847115-731F-429E-9033-5D504BAD1A67}.Debug|Any CPU.Build.0 = Debug|Any CPU
		{43847115-731F-429E-9033-5D504BAD1A67}.Release|Any CPU.ActiveCfg = Release|Any CPU
		{43847115-731F-429E-9033-5D504BAD1A67}.Release|Any CPU.Build.0 = Release|Any CPU
	EndGlobalSection
	GlobalSection(SolutionProperties) = preSolution
		HideSolutionNode = FALSE
	EndGlobalSection
	GlobalSection(ExtensibilityGlobals) = postSolution
		SolutionGuid = {49687380-7FF7-4DD4-A4C5-BAB301A47857}
	EndGlobalSection
EndGlobal
